
Microsoft Visual Studio Solution File, Format Version 12.00
# Visual Studio Version 17
VisualStudioVersion = 17.4.33103.184
MinimumVisualStudioVersion = 10.0.40219.1
Project("{FAE04EC0-301F-11D3-BF4B-00C04F79EFBC}") = "learningTC-web", "learningTC-web\learningTC-web.csproj", "{CFAE7FB4-63FE-4BD3-902B-EFF2BA95B2BE}"
EndProject
Global
	GlobalSection(SolutionConfigurationPlatforms) = preSolution
		Debug|Any CPU = Debug|Any CPU
		Release|Any CPU = Release|Any CPU
	EndGlobalSection
	GlobalSection(ProjectConfigurationPlatforms) = postSolution
		{CFAE7FB4-63FE-4BD3-902B-EFF2BA95B2BE}.Debug|Any CPU.ActiveCfg = Debug|Any CPU
		{CFAE7FB4-63FE-4BD3-902B-EFF2BA95B2BE}.Debug|Any CPU.Build.0 = Debug|Any CPU
		{CFAE7FB4-63FE-4BD3-902B-EFF2BA95B2BE}.Release|Any CPU.ActiveCfg = Release|Any CPU
		{CFAE7FB4-63FE-4BD3-902B-EFF2BA95B2BE}.Release|Any CPU.Build.0 = Release|Any CPU
	EndGlobalSection
	GlobalSection(SolutionProperties) = preSolution
		HideSolutionNode = FALSE
	EndGlobalSection
	GlobalSection(ExtensibilityGlobals) = postSolution
		SolutionGuid = {73D7C4EA-7E3B-48F1-8F84-7E23B72A5749}
	EndGlobalSection
EndGlobal
